
Microsoft Visual Studio Solution File, Format Version 11.00
# Visual Studio 2010
Project("{8BC9CEB8-8B4A-11D0-8D11-00A0C91BC942}") = "ps_demux", "ps_demux\ps_demux.vcxproj", "{2E766DEE-82A3-42D5-BD2E-048F51A77841}"
EndProject
Global
	GlobalSection(SolutionConfigurationPlatforms) = preSolution
		Debug|Win32 = Debug|Win32
		Release|Win32 = Release|Win32
	EndGlobalSection
	GlobalSection(ProjectConfigurationPlatforms) = postSolution
		{2E766DEE-82A3-42D5-BD2E-048F51A77841}.Debug|Win32.ActiveCfg = Debug|Win32
		{2E766DEE-82A3-42D5-BD2E-048F51A77841}.Debug|Win32.Build.0 = Debug|Win32
		{2E766DEE-82A3-42D5-BD2E-048F51A77841}.Release|Win32.ActiveCfg = Release|Win32
		{2E766DEE-82A3-42D5-BD2E-048F51A77841}.Release|Win32.Build.0 = Release|Win32
	EndGlobalSection
	GlobalSection(SolutionProperties) = preSolution
		HideSolutionNode = FALSE
	EndGlobalSection
EndGlobal
